# Sello de supabase/migrations.
# Una línea: <sha256>  <archivo.sql>
# No cambies el hash de un archivo que ya está aquí: eso borra una mejora ya guardada.
# Un script nuevo se crea con `npm run migracion:nueva` y se sella con `npm run migraciones:sellar`.
# merge=union: si dos pull requests agregan líneas, el merge se queda con las dos.
b44cd430b7b05c202b9e20c456c4dec53c0211321f1cae817a93ba7f8133828a  20260503015306_f99960c9-701f-452a-aab9-4d1216cb57ae.sql
cac2f79d993bd20164fcfafa521aafc38247208db4ed963c31f717d8d9536886  20260503015323_a96fe55f-42c2-460e-b39d-70ee25c5777b.sql
59c61f4cf84fbf565001f3c273be934e542b9953bc17992f6ec0e963a1166bd3  20260503023936_e271aa15-dd34-4c36-970b-6b30a5eaf2a4.sql
c5fd11888e4b5a3ccefa0ed57a316d9b9234fbc4c23798f8f7d6b3da4d2d75a3  20260503190820_5b97bddd-db06-4817-abf2-cc96562f8fa0.sql
5a6cef3a21fa20e1b358c55c1e0de1a7377011ef34e8ef9fc37bc1f972f38e69  20260503192247_c54db563-2e9e-43a1-ad2b-757bd198e7ac.sql
239c2fed11d3195ea72566449c08063abb7529d026c5b4c7aecf2d802d0b053c  20260503192333_cb78101f-581a-4ca7-ba6c-2917c43edb25.sql
ba9eec875ee68cc518d248e8941e758773469ca8c2b3f7b25ecc97932fb00842  20260503193601_1f2d647e-2717-44a2-a009-d1616587e0ac.sql
5dba8c4e6936d341dba4407efc31726332a07fbb8667e0f77e740a3ab1a7ecbf  20260629000001_reportes_comentarios.sql
bbe573ca8a4cecc208306a9244e80053be6507e01fdc8cd30b9acfc18c6ff312  20260629000002_profiles_email.sql
a74a696f3b21d74d92a33a7e2f0b0c8ac26d03fe2c676068da102b6c113a58d3  20260629000003_remision_items.sql
126f8c9bd4958b9259f7a2f170aadd5a611d11f695eaf4e6ff8d1b5d9c597ebb  20260629000004_tipo_remision_v2.sql
b7cd32f232b01c3ee1dcdb7374fc5c0414f10a938126ba2f42eba477a9755915  20260629000005_remision_items_tipo_servicio.sql
2f07b87afa473df1dd72d88eb12b6db48b58f445c872cb6197cf086edb937a31  20260713000001_finanzas_module.sql
a571fb702524394f5806686fb7a9ae90974c31c3ac76a5c6e9fca2d3df836e0d  20260714000001_fix_asignar_chasis_modelo.sql
cdedf57b4c9e89baf8b6ba5546b1f2ab6fc0c7db333b04fca08a36446989046b  20260714000002_crm_ventas.sql
d23c07d2969d852da0bf8e83b42bc76db5543405972428bf05d4ef716d7d1c54  20260717000003_clientes_expediente_digital.sql
4fe7a4ecb2f29a6213426c9681d4a661d8a3881e75b44e7834c811b21617c506  20260717000004_crm_fixes.sql
8d6c727a612eaa64b0d473c54a304a811c6e8ac98f359a6f73b64d57127a1b6c  20260717000007_crm_actividades_estatus.sql
fb1363d4c79c71958ba84a3d843efb0fb23c8fbd899c51751a8dd6e4960c364b  20260819000001_parts_inventory.sql
556dd8df69dec4ea7eec9655196020250dc3d1b046be657ffee767104c4d3637  20260819000004_inventario_chasis.sql
4db8ed119f2b0a1c2c3e1d84d41a9a9bf2ca35b5953631344523bf3b548f3630  20260819000005_inventario_motor.sql
93201b7ada01d026b20a55b7dcd317cae5050a393bfdfc467e98f405a8d2fa53  20260819000006_inventario_partes.sql
7f372d7e6b37aeec647190d544c7def44601c8c8fc758dacf5c1735f9e9fcaa1  20260819000007_inventario_colores.sql
968888cab0ccfcaf8df59c3033f3026de4284ead2e184294a655f760ae9f1265  20260819000008_importar_vins_inventario.sql
a2e8ca8aa015efaf54a073290357b1d04b6dca45a779c3917711193fac5b5717  20260819000009_importar_packing_list.sql
bd883c0d4ad26c0ab36a94c7330efc9d0cb16f6cad791d045d739a319bc978f4  20260819000010_bitacora_eliminaciones.sql
b4d3b25422f138240db73c6f93989a158414166832322a75b24d88b57330a1fa  20260819000011_clientes_crm.sql
2bce2a9126de0e922ab14dd9f16670d2656bb57d0bead7567f0e67ea9ccf73e6  20260819000012_importar_motores_inventario.sql
8f46601b7545d5adf4b8e61aa161408b7ed8369c7bf5560e13f35d59f34db447  20260821000001_unidad_chasis_motor.sql
6a4e196cac2fef6d0de25d975e229e700a20e1360e62df03cea878a32fbd5623  20260822000001_configuracion_manual_unidades.sql
78f54445a2a3754e2843ea3d950ddce6e499d446b9f8cf1d0b1cc81771c8aab7  20260823000001_incidencias_chasis_colores_cierre.sql
a0f9a28200ba9542200eba1710555c4847dc4aabac6ec462b40a83f28b3f1118  20260823000002_capturar_seriales_unidad.sql
8b02e9d47e1cc2528b039ba56d1c5ac38a7fc1b7d1975fdcb80071ca9645db95  20260823000003_color_efectivo_capacidad.sql
06f4655a67ff124d1055ffa234e295cda446e7e9fe1f2e5af9efd38588dc2356  20260823000004_finanzas_ingresos_egresos.sql
b567658f9da7b61504d84bb399bb1c5220e8d02f0db33e27a1e1708a2665b61b  20260823000005_usuarios_niveles_areas.sql
d57e9380e84552bf97380b9bbb9b49565ad576ec64b27907b24c1e86ffacf7d4  20260824000001_remisiones_visibles_equipo_comercial.sql
0e357042d8131c51d7ad3396ad9ef87886f5f63c88d941cfd4c6239c7db2bf93  20260824000002_comercial_lee_toda_la_bandeja.sql
7bcd22dcf436c7bff32f9457426b02d5fc8a54d78e9ab6a9bf66c1cf2e5898e9  20260824000003_usuario_activo_se_aplica.sql
7f6150104f5ab75c72c5e4657a2090d1dbd7f30a7511704bc3c53ebe7bf6ca8c  20260825000001_comercial_escalera_de_permisos.sql
80acfcd77f80da8a97cc39c81f8123cce7694404389eb7157e3a6351a4995e9c  20260826000002_folio_reutilizable_canceladas.sql
f7891c8a2844bcbdb85bd204385829be69bcd7b0dcefb0fe30d9326c635a6f5c  20260826000003_asignacion_manual_remisiones.sql
8d3e92e250e1b4aea017f2cd442dcd288319a56cdae6ada5ce77337aa08e3822  20260827000001_folio_interno_clientes_nuevos.sql
affb6912e3842e484c07d37e237e363fb1dd5beec31873abb573edcb8c70e9eb  20260828000001_motocarro_ya_armado.sql
eca9163bd1969be3efd99c4b83103d35233f120d1f09a3f390dff02c411e2cd9  20260902000001_operador_edita_remisiones.sql
9c504afdc3b156054966965171643cd8e329cb7bb2bffc19d541cb2b47f7efda  20260902223156_fix_remisiones_docs_lectura_finanzas.sql
5e92d965d8110bcfe53631ce2eee839deccbcb7567e7ce6402a51e95d9bcff13  20260903000001_avisos_entre_areas.sql
914015a885a44d8caa75282fd1a69f57e8e1a8117a3ebff88fb6f93e1ac9de4c  20260904000001_solicitudes_a_fabrica.sql
78ec2640d65fed68244f93b8fdae7e6c988ee63af0f1f6da81dc3dff3c1ea560  20260907000001_ya_armado_cilindraje_color.sql
b742320ab1af4f788a0ac6affa97a2c92031042d1966daaf1e2df5168698cf41  20260908000001_ya_armado_no_se_atora_por_capacidad.sql
3f1f7c7e40d34b293002ac269ee9e98d9aff6f8ff1a530f7e0d04c359a85bb1f  20260908000002_tope_unidades_ya_armadas.sql
90aad0daa057ee05b8a386641b97e2a4ee76b8247aa1a5e5ba7623323c4b8d83  20260908000003_crm_tipos_actividad.sql
8d09ae7a96e8eca156bd78141383d0cca14b17dfc3ed35fd36a78b91a9c0a0bc  20260922000001_almacen_refacciones.sql
dbeb080650723748658005dcde55d3d1b1e2267711a51709716673f04ea614b5  20260922000002_sincronizar_compat_refacciones.sql
e2d1ad637d9aa9044f409845926607c6bcf82dc5b3238665953f30a2555ba0aa  20260922000003_area_compras_enum.sql
697464bb7e3f2ba9be1526a48c1c7866871be8b2b3a6039d724fe63c4a6df6cc  20260922000004_area_compras.sql
cc77b4df086e9e083d7f896d1ff7d5fb9cad42c1db9f0c25ba15591b35d257ea  fix_remisiones_columns.sql
